// !$*UTF8*$!
{
	archiveVersion = 1;
	classes = {
	};
	objectVersion = 46;
	objects = {

/* Begin PBXBuildFile section */
		6EC194D61DDDA074002100A3 /* main.m in Sources */ = {isa = PBXBuildFile; fileRef = 6EC194D51DDDA074002100A3 /* main.m */; };
		6EC194D91DDDA074002100A3 /* AppDelegate.m in Sources */ = {isa = PBXBuildFile; fileRef = 6EC194D81DDDA074002100A3 /* AppDelegate.m */; };
		6EC194DC1DDDA074002100A3 /* ViewController.m in Sources */ = {isa = PBXBuildFile; fileRef = 6EC194DB1DDDA074002100A3 /* ViewController.m */; };
		6EC194DF1DDDA074002100A3 /* Main.storyboard in Resources */ = {isa = PBXBuildFile; fileRef = 6EC194DD1DDDA074002100A3 /* Main.storyboard */; };
		6EC194E11DDDA074002100A3 /* Assets.xcassets in Resources */ = {isa = PBXBuildFile; fileRef = 6EC194E01DDDA074002100A3 /* Assets.xcassets */; };
		6EC194E41DDDA074002100A3 /* LaunchScreen.storyboard in Resources */ = {isa = PBXBuildFile; fileRef = 6EC194E21DDDA074002100A3 /* LaunchScreen.storyboard */; };
		6EC194EF1DDDA074002100A3 /* iOS_StudyTests.m in Sources */ = {isa = PBXBuildFile; fileRef = 6EC194EE1DDDA074002100A3 /* iOS_StudyTests.m */; };
		6EC194FA1DDDA074002100A3 /* iOS_StudyUITests.m in Sources */ = {isa = PBXBuildFile; fileRef = 6EC194F91DDDA074002100A3 /* iOS_StudyUITests.m */; };
/* End PBXBuildFile section */

/* Begin PBXContainerItemProxy section */
		6EC194EB1DDDA074002100A3 /* PBXContainerItemProxy */ = {
			isa = PBXContainerItemProxy;
			containerPortal = 6EC194C91DDDA074002100A3 /* Project object */;
			proxyType = 1;
			remoteGlobalIDString = 6EC194D01DDDA074002100A3;
			remoteInfo = iOS_Study;
		};
		6EC194F61DDDA074002100A3 /* PBXContainerItemProxy */ = {
			isa = PBXContainerItemProxy;
			containerPortal = 6EC194C91DDDA074002100A3 /* Project object */;
			proxyType = 1;
			remoteGlobalIDString = 6EC194D01DDDA074002100A3;
			remoteInfo = iOS_Study;
		};
/* End PBXContainerItemProxy section */

/* Begin PBXFileReference section */
		6EC194D11DDDA074002100A3 /* iOS_Study.app */ = {isa = PBXFileReference; explicitFileType = wrapper.application; includeInIndex = 0; path = iOS_Study.app; sourceTree = BUILT_PRODUCTS_DIR; };
		6EC194D51DDDA074002100A3 /* main.m */ = {isa = PBXFileReference; lastKnownFileType = sourcecode.c.objc; path = main.m; sourceTree = "<group>"; };
		6EC194D71DDDA074002100A3 /* AppDelegate.h */ = {isa = PBXFileReference; lastKnownFileType = sourcecode.c.h; path = AppDelegate.h; sourceTree = "<group>"; };
		6EC194D81DDDA074002100A3 /* AppDelegate.m */ = {isa = PBXFileReference; lastKnownFileType = sourcecode.c.objc; path = AppDelegate.m; sourceTree = "<group>"; };
		6EC194DA1DDDA074002100A3 /* ViewController.h */ = {isa = PBXFileReference; lastKnownFileType = sourcecode.c.h; path = ViewController.h; sourceTree = "<group>"; };
		6EC194DB1DDDA074002100A3 /* ViewController.m */ = {isa = PBXFileReference; lastKnownFileType = sourcecode.c.objc; path = ViewController.m; sourceTree = "<group>"; };
		6EC194DE1DDDA074002100A3 /* Base */ = {isa = PBXFileReference; lastKnownFileType = file.storyboard; name = Base; path = Base.lproj/Main.storyboard; sourceTree = "<group>"; };
		6EC194E01DDDA074002100A3 /* Assets.xcassets */ = {isa = PBXFileReference; lastKnownFileType = folder.assetcatalog; path = Assets.xcassets; sourceTree = "<group>"; };
		6EC194E31DDDA074002100A3 /* Base */ = {isa = PBXFileReference; lastKnownFileType = file.storyboard; name = Base; path = Base.lproj/LaunchScreen.storyboard; sourceTree = "<group>"; };
		6EC194E51DDDA074002100A3 /* Info.plist */ = {isa = PBXFileReference; lastKnownFileType = text.plist.xml; path = Info.plist; sourceTree = "<group>"; };
		6EC194EA1DDDA074002100A3 /* iOS_StudyTests.xctest */ = {isa = PBXFileReference; explicitFileType = wrapper.cfbundle; includeInIndex = 0; path = iOS_StudyTests.xctest; sourceTree = BUILT_PRODUCTS_DIR; };
		6EC194EE1DDDA074002100A3 /* iOS_StudyTests.m */ = {isa = PBXFileReference; lastKnownFileType = sourcecode.c.objc; path = iOS_StudyTests.m; sourceTree = "<group>"; };
		6EC194F01DDDA074002100A3 /* Info.plist */ = {isa = PBXFileReference; lastKnownFileType = text.plist.xml; path = Info.plist; sourceTree = "<group>"; };
		6EC194F51DDDA074002100A3 /* iOS_StudyUITests.xctest */ = {isa = PBXFileReference; explicitFileType = wrapper.cfbundle; includeInIndex = 0; path = iOS_StudyUITests.xctest; sourceTree = BUILT_PRODUCTS_DIR; };
		6EC194F91DDDA074002100A3 /* iOS_StudyUITests.m */ = {isa = PBXFileReference; lastKnownFileType = sourcecode.c.objc; path = iOS_StudyUITests.m; sourceTree = "<group>"; };
		6EC194FB1DDDA074002100A3 /* Info.plist */ = {isa = PBXFileReference; lastKnownFileType = text.plist.xml; path = Info.plist; sourceTree = "<group>"; };
/* End PBXFileReference section */

/* Begin PBXFrameworksBuildPhase section */
		6EC194CE1DDDA074002100A3 /* Frameworks */ = {
			isa = PBXFrameworksBuildPhase;
			buildActionMask = 2147483647;
			files = (
			);
			runOnlyForDeploymentPostprocessing = 0;
		};
		6EC194E71DDDA074002100A3 /* Frameworks */ = {
			isa = PBXFrameworksBuildPhase;
			buildActionMask = 2147483647;
			files = (
			);
			runOnlyForDeploymentPostprocessing = 0;
		};
		6EC194F21DDDA074002100A3 /* Frameworks */ = {
			isa = PBXFrameworksBuildPhase;
			buildActionMask = 2147483647;
			files = (
			);
			runOnlyForDeploymentPostprocessing = 0;
		};
/* End PBXFrameworksBuildPhase section */

/* Begin PBXGroup section */
		6EC194C81DDDA074002100A3 = {
			isa = PBXGroup;
			children = (
				6EC194D31DDDA074002100A3 /* iOS_Study */,
				6EC194ED1DDDA074002100A3 /* iOS_StudyTests */,
				6EC194F81DDDA074002100A3 /* iOS_StudyUITests */,
				6EC194D21DDDA074002100A3 /* Products */,
			);
			sourceTree = "<group>";
		};
		6EC194D21DDDA074002100A3 /* Products */ = {
			isa = PBXGroup;
			children = (
				6EC194D11DDDA074002100A3 /* iOS_Study.app */,
				6EC194EA1DDDA074002100A3 /* iOS_StudyTests.xctest */,
				6EC194F51DDDA074002100A3 /* iOS_StudyUITests.xctest */,
			);
			name = Products;
			sourceTree = "<group>";
		};
		6EC194D31DDDA074002100A3 /* iOS_Study */ = {
			isa = PBXGroup;
			children = (
				6EC194D71DDDA074002100A3 /* AppDelegate.h */,
				6EC194D81DDDA074002100A3 /* AppDelegate.m */,
				6EC194DA1DDDA074002100A3 /* ViewController.h */,
				6EC194DB1DDDA074002100A3 /* ViewController.m */,
				6EC194DD1DDDA074002100A3 /* Main.storyboard */,
				6EC194E01DDDA074002100A3 /* Assets.xcassets */,
				6EC194E21DDDA074002100A3 /* LaunchScreen.storyboard */,
				6EC194E51DDDA074002100A3 /* Info.plist */,
				6EC194D41DDDA074002100A3 /* Supporting Files */,
			);
			path = iOS_Study;
			sourceTree = "<group>";
		};
		6EC194D41DDDA074002100A3 /* Supporting Files */ = {
			isa = PBXGroup;
			children = (
				6EC194D51DDDA074002100A3 /* main.m */,
			);
			name = "Supporting Files";
			sourceTree = "<group>";
		};
		6EC194ED1DDDA074002100A3 /* iOS_StudyTests */ = {
			isa = PBXGroup;
			children = (
				6EC194EE1DDDA074002100A3 /* iOS_StudyTests.m */,
				6EC194F01DDDA074002100A3 /* Info.plist */,
			);
			path = iOS_StudyTests;
			sourceTree = "<group>";
		};
		6EC194F81DDDA074002100A3 /* iOS_StudyUITests */ = {
			isa = PBXGroup;
			children = (
				6EC194F91DDDA074002100A3 /* iOS_StudyUITests.m */,
				6EC194FB1DDDA074002100A3 /* Info.plist */,
			);
			path = iOS_StudyUITests;
			sourceTree = "<group>";
		};
/* End PBXGroup section */

/* Begin PBXNativeTarget section */
		6EC194D01DDDA074002100A3 /* iOS_Study */ = {
			isa = PBXNativeTarget;
			buildConfigurationList = 6EC194FE1DDDA074002100A3 /* Build configuration list for PBXNativeTarget "iOS_Study" */;
			buildPhases = (
				6EC194CD1DDDA074002100A3 /* Sources */,
				6EC194CE1DDDA074002100A3 /* Frameworks */,
				6EC194CF1DDDA074002100A3 /* Resources */,
			);
			buildRules = (
			);
			dependencies = (
			);
			name = iOS_Study;
			productName = iOS_Study;
			productReference = 6EC194D11DDDA074002100A3 /* iOS_Study.app */;
			productType = "com.apple.product-type.application";
		};
		6EC194E91DDDA074002100A3 /* iOS_StudyTests */ = {
			isa = PBXNativeTarget;
			buildConfigurationList = 6EC195011DDDA074002100A3 /* Build configuration list for PBXNativeTarget "iOS_StudyTests" */;
			buildPhases = (
				6EC194E61DDDA074002100A3 /* Sources */,
				6EC194E71DDDA074002100A3 /* Frameworks */,
				6EC194E81DDDA074002100A3 /* Resources */,
			);
			buildRules = (
			);
			dependencies = (
				6EC194EC1DDDA074002100A3 /* PBXTargetDependency */,
			);
			name = iOS_StudyTests;
			productName = iOS_StudyTests;
			productReference = 6EC194EA1DDDA074002100A3 /* iOS_StudyTests.xctest */;
			productType = "com.apple.product-type.bundle.unit-test";
		};
		6EC194F41DDDA074002100A3 /* iOS_StudyUITests */ = {
			isa = PBXNativeTarget;
			buildConfigurationList = 6EC195041DDDA074002100A3 /* Build configuration list for PBXNativeTarget "iOS_StudyUITests" */;
			buildPhases = (
				6EC194F11DDDA074002100A3 /* Sources */,
				6EC194F21DDDA074002100A3 /* Frameworks */,
				6EC194F31DDDA074002100A3 /* Resources */,
			);
			buildRules = (
			);
			dependencies = (
				6EC194F71DDDA074002100A3 /* PBXTargetDependency */,
			);
			name = iOS_StudyUITests;
			productName = iOS_StudyUITests;
			productReference = 6EC194F51DDDA074002100A3 /* iOS_StudyUITests.xctest */;
			productType = "com.apple.product-type.bundle.ui-testing";
		};
/* End PBXNativeTarget section */

/* Begin PBXProject section */
		6EC194C91DDDA074002100A3 /* Project object */ = {
			isa = PBXProject;
			attributes = {
				LastUpgradeCheck = 0800;
				ORGANIZATIONNAME = "柯南集团";
				TargetAttributes = {
					6EC194D01DDDA074002100A3 = {
						CreatedOnToolsVersion = 8.0;
						DevelopmentTeam = 938EMAYW6W;
						ProvisioningStyle = Automatic;
					};
					6EC194E91DDDA074002100A3 = {
						CreatedOnToolsVersion = 8.0;
						DevelopmentTeam = 938EMAYW6W;
						ProvisioningStyle = Automatic;
						TestTargetID = 6EC194D01DDDA074002100A3;
					};
					6EC194F41DDDA074002100A3 = {
						CreatedOnToolsVersion = 8.0;
						DevelopmentTeam = 938EMAYW6W;
						ProvisioningStyle = Automatic;
						TestTargetID = 6EC194D01DDDA074002100A3;
					};
				};
			};
			buildConfigurationList = 6EC194CC1DDDA074002100A3 /* Build configuration list for PBXProject "iOS_Study" */;
			compatibilityVersion = "Xcode 3.2";
			developmentRegion = English;
			hasScannedForEncodings = 0;
			knownRegions = (
				en,
				Base,
			);
			mainGroup = 6EC194C81DDDA074002100A3;
			productRefGroup = 6EC194D21DDDA074002100A3 /* Products */;
			projectDirPath = "";
			projectRoot = "";
			targets = (
				6EC194D01DDDA074002100A3 /* iOS_Study */,
				6EC194E91DDDA074002100A3 /* iOS_StudyTests */,
				6EC194F41DDDA074002100A3 /* iOS_StudyUITests */,
			);
		};
/* End PBXProject section */

/* Begin PBXResourcesBuildPhase section */
		6EC194CF1DDDA074002100A3 /* Resources */ = {
			isa = PBXResourcesBuildPhase;
			buildActionMask = 2147483647;
			files = (
				6EC194E41DDDA074002100A3 /* LaunchScreen.storyboard in Resources */,
				6EC194E11DDDA074002100A3 /* Assets.xcassets in Resources */,
				6EC194DF1DDDA074002100A3 /* Main.storyboard in Resources */,
			);
			runOnlyForDeploymentPostprocessing = 0;
		};
		6EC194E81DDDA074002100A3 /* Resources */ = {
			isa = PBXResourcesBuildPhase;
			buildActionMask = 2147483647;
			files = (
			);
			runOnlyForDeploymentPostprocessing = 0;
		};
		6EC194F31DDDA074002100A3 /* Resources */ = {
			isa = PBXResourcesBuildPhase;
			buildActionMask = 2147483647;
			files = (
			);
			runOnlyForDeploymentPostprocessing = 0;
		};
/* End PBXResourcesBuildPhase section */

/* Begin PBXSourcesBuildPhase section */
		6EC194CD1DDDA074002100A3 /* Sources */ = {
			isa = PBXSourcesBuildPhase;
			buildActionMask = 2147483647;
			files = (
				6EC194DC1DDDA074002100A3 /* ViewController.m in Sources */,
				6EC194D91DDDA074002100A3 /* AppDelegate.m in Sources */,
				6EC194D61DDDA074002100A3 /* main.m in Sources */,
			);
			runOnlyForDeploymentPostprocessing = 0;
		};
		6EC194E61DDDA074002100A3 /* Sources */ = {
			isa = PBXSourcesBuildPhase;
			buildActionMask = 2147483647;
			files = (
				6EC194EF1DDDA074002100A3 /* iOS_StudyTests.m in Sources */,
			);
			runOnlyForDeploymentPostprocessing = 0;
		};
		6EC194F11DDDA074002100A3 /* Sources */ = {
			isa = PBXSourcesBuildPhase;
			buildActionMask = 2147483647;
			files = (
				6EC194FA1DDDA074002100A3 /* iOS_StudyUITests.m in Sources */,
			);
			runOnlyForDeploymentPostprocessing = 0;
		};
/* End PBXSourcesBuildPhase section */

/* Begin PBXTargetDependency section */
		6EC194EC1DDDA074002100A3 /* PBXTargetDependency */ = {
			isa = PBXTargetDependency;
			target = 6EC194D01DDDA074002100A3 /* iOS_Study */;
			targetProxy = 6EC194EB1DDDA074002100A3 /* PBXContainerItemProxy */;
		};
		6EC194F71DDDA074002100A3 /* PBXTargetDependency */ = {
			isa = PBXTargetDependency;
			target = 6EC194D01DDDA074002100A3 /* iOS_Study */;
			targetProxy = 6EC194F61DDDA074002100A3 /* PBXContainerItemProxy */;
		};
/* End PBXTargetDependency section */

/* Begin PBXVariantGroup section */
		6EC194DD1DDDA074002100A3 /* Main.storyboard */ = {
			isa = PBXVariantGroup;
			children = (
				6EC194DE1DDDA074002100A3 /* Base */,
			);
			name = Main.storyboard;
			sourceTree = "<group>";
		};
		6EC194E21DDDA074002100A3 /* LaunchScreen.storyboard */ = {
			isa = PBXVariantGroup;
			children = (
				6EC194E31DDDA074002100A3 /* Base */,
			);
			name = LaunchScreen.storyboard;
			sourceTree = "<group>";
		};
/* End PBXVariantGroup section */

/* Begin XCBuildConfiguration section */
		6EC194FC1DDDA074002100A3 /* Debug */ = {
			isa = XCBuildConfiguration;
			buildSettings = {
				ALWAYS_SEARCH_USER_PATHS = NO;
				CLANG_ANALYZER_NONNULL = YES;
				CLANG_CXX_LANGUAGE_STANDARD = "gnu++0x";
				CLANG_CXX_LIBRARY = "libc++";
				CLANG_ENABLE_MODULES = YES;
				CLANG_ENABLE_OBJC_ARC = YES;
				CLANG_WARN_BOOL_CONVERSION = YES;
				CLANG_WARN_CONSTANT_CONVERSION = YES;
				CLANG_WARN_DIRECT_OBJC_ISA_USAGE = YES_ERROR;
				CLANG_WARN_DOCUMENTATION_COMMENTS = YES;
				CLANG_WARN_EMPTY_BODY = YES;
				CLANG_WARN_ENUM_CONVERSION = YES;
				CLANG_WARN_INFINITE_RECURSION = YES;
				CLANG_WARN_INT_CONVERSION = YES;
				CLANG_WARN_OBJC_ROOT_CLASS = YES_ERROR;
				CLANG_WARN_SUSPICIOUS_MOVES = YES;
				CLANG_WARN_UNREACHABLE_CODE = YES;
				CLANG_WARN__DUPLICATE_METHOD_MATCH = YES;
				"CODE_SIGN_IDENTITY[sdk=iphoneos*]" = "iPhone Developer";
				COPY_PHASE_STRIP = NO;
				DEBUG_INFORMATION_FORMAT = dwarf;
				ENABLE_STRICT_OBJC_MSGSEND = YES;
				ENABLE_TESTABILITY = YES;
				GCC_C_LANGUAGE_STANDARD = gnu99;
				GCC_DYNAMIC_NO_PIC = NO;
				GCC_NO_COMMON_BLOCKS = YES;
				GCC_OPTIMIZATION_LEVEL = 0;
				GCC_PREPROCESSOR_DEFINITIONS = (
					"DEBUG=1",
					"$(inherited)",
				);
				GCC_WARN_64_TO_32_BIT_CONVERSION = YES;
				GCC_WARN_ABOUT_RETURN_TYPE = YES_ERROR;
				GCC_WARN_UNDECLARED_SELECTOR = YES;
				GCC_WARN_UNINITIALIZED_AUTOS = YES_AGGRESSIVE;
				GCC_WARN_UNUSED_FUNCTION = YES;
				GCC_WARN_UNUSED_VARIABLE = YES;
				IPHONEOS_DEPLOYMENT_TARGET = 10.0;
				MTL_ENABLE_DEBUG_INFO = YES;
				ONLY_ACTIVE_ARCH = YES;
				SDKROOT = iphoneos;
			};
			name = Debug;
		};
		6EC194FD1DDDA074002100A3 /* Release */ = {
			isa = XCBuildConfiguration;
			buildSettings = {
				ALWAYS_SEARCH_USER_PATHS = NO;
				CLANG_ANALYZER_NONNULL = YES;
				CLANG_CXX_LANGUAGE_STANDARD = "gnu++0x";
				CLANG_CXX_LIBRARY = "libc++";
				CLANG_ENABLE_MODULES = YES;
				CLANG_ENABLE_OBJC_ARC = YES;
				CLANG_WARN_BOOL_CONVERSION = YES;
				CLANG_WARN_CONSTANT_CONVERSION = YES;
				CLANG_WARN_DIRECT_OBJC_ISA_USAGE = YES_ERROR;
				CLANG_WARN_DOCUMENTATION_COMMENTS = YES;
				CLANG_WARN_EMPTY_BODY = YES;
				CLANG_WARN_ENUM_CONVERSION = YES;
				CLANG_WARN_INFINITE_RECURSION = YES;
				CLANG_WARN_INT_CONVERSION = YES;
				CLANG_WARN_OBJC_ROOT_CLASS = YES_ERROR;
				CLANG_WARN_SUSPICIOUS_MOVES = YES;
				CLANG_WARN_UNREACHABLE_CODE = YES;
				CLANG_WARN__DUPLICATE_METHOD_MATCH = YES;
				"CODE_SIGN_IDENTITY[sdk=iphoneos*]" = "iPhone Developer";
				COPY_PHASE_STRIP = NO;
				DEBUG_INFORMATION_FORMAT = "dwarf-with-dsym";
				ENABLE_NS_ASSERTIONS = NO;
				ENABLE_STRICT_OBJC_MSGSEND = YES;
				GCC_C_LANGUAGE_STANDARD = gnu99;
				GCC_NO_COMMON_BLOCKS = YES;
				GCC_WARN_64_TO_32_BIT_CONVERSION = YES;
				GCC_WARN_ABOUT_RETURN_TYPE = YES_ERROR;
				GCC_WARN_UNDECLARED_SELECTOR = YES;
				GCC_WARN_UNINITIALIZED_AUTOS = YES_AGGRESSIVE;
				GCC_WARN_UNUSED_FUNCTION = YES;
				GCC_WARN_UNUSED_VARIABLE = YES;
				IPHONEOS_DEPLOYMENT_TARGET = 10.0;
				MTL_ENABLE_DEBUG_INFO = NO;
				SDKROOT = iphoneos;
				VALIDATE_PRODUCT = YES;
			};
			name = Release;
		};
		6EC194FF1DDDA074002100A3 /* Debug */ = {
			isa = XCBuildConfiguration;
			buildSettings = {
				ASSETCATALOG_COMPILER_APPICON_NAME = AppIcon;
				DEVELOPMENT_TEAM = 938EMAYW6W;
				INFOPLIST_FILE = iOS_Study/Info.plist;
				LD_RUNPATH_SEARCH_PATHS = "$(inherited) @executable_path/Frameworks";
				PRODUCT_BUNDLE_IDENTIFIER = "--.iOS-Study";
				PRODUCT_NAME = "$(TARGET_NAME)";
			};
			name = Debug;
		};
		6EC195001DDDA074002100A3 /* Release */ = {
			isa = XCBuildConfiguration;
			buildSettings = {
				ASSETCATALOG_COMPILER_APPICON_NAME = AppIcon;
				DEVELOPMENT_TEAM = 938EMAYW6W;
				INFOPLIST_FILE = iOS_Study/Info.plist;
				LD_RUNPATH_SEARCH_PATHS = "$(inherited) @executable_path/Frameworks";
				PRODUCT_BUNDLE_IDENTIFIER = "--.iOS-Study";
				PRODUCT_NAME = "$(TARGET_NAME)";
			};
			name = Release;
		};
		6EC195021DDDA074002100A3 /* Debug */ = {
			isa = XCBuildConfiguration;
			buildSettings = {
				BUNDLE_LOADER = "$(TEST_HOST)";
				DEVELOPMENT_TEAM = 938EMAYW6W;
				INFOPLIST_FILE = iOS_StudyTests/Info.plist;
				LD_RUNPATH_SEARCH_PATHS = "$(inherited) @executable_path/Frameworks @loader_path/Frameworks";
				PRODUCT_BUNDLE_IDENTIFIER = "--.iOS-StudyTests";
				PRODUCT_NAME = "$(TARGET_NAME)";
				TEST_HOST = "$(BUILT_PRODUCTS_DIR)/iOS_Study.app/iOS_Study";
			};
			name = Debug;
		};
		6EC195031DDDA074002100A3 /* Release */ = {
			isa = XCBuildConfiguration;
			buildSettings = {
				BUNDLE_LOADER = "$(TEST_HOST)";
				DEVELOPMENT_TEAM = 938EMAYW6W;
				INFOPLIST_FILE = iOS_StudyTests/Info.plist;
				LD_RUNPATH_SEARCH_PATHS = "$(inherited) @executable_path/Frameworks @loader_path/Frameworks";
				PRODUCT_BUNDLE_IDENTIFIER = "--.iOS-StudyTests";
				PRODUCT_NAME = "$(TARGET_NAME)";
				TEST_HOST = "$(BUILT_PRODUCTS_DIR)/iOS_Study.app/iOS_Study";
			};
			name = Release;
		};
		6EC195051DDDA074002100A3 /* Debug */ = {
			isa = XCBuildConfiguration;
			buildSettings = {
				DEVELOPMENT_TEAM = 938EMAYW6W;
				INFOPLIST_FILE = iOS_StudyUITests/Info.plist;
				LD_RUNPATH_SEARCH_PATHS = "$(inherited) @executable_path/Frameworks @loader_path/Frameworks";
				PRODUCT_BUNDLE_IDENTIFIER = "--.iOS-StudyUITests";
				PRODUCT_NAME = "$(TARGET_NAME)";
				TEST_TARGET_NAME = iOS_Study;
			};
			name = Debug;
		};
		6EC195061DDDA074002100A3 /* Release */ = {
			isa = XCBuildConfiguration;
			buildSettings = {
				DEVELOPMENT_TEAM = 938EMAYW6W;
				INFOPLIST_FILE = iOS_StudyUITests/Info.plist;
				LD_RUNPATH_SEARCH_PATHS = "$(inherited) @executable_path/Frameworks @loader_path/Frameworks";
				PRODUCT_BUNDLE_IDENTIFIER = "--.iOS-StudyUITests";
				PRODUCT_NAME = "$(TARGET_NAME)";
				TEST_TARGET_NAME = iOS_Study;
			};
			name = Release;
		};
/* End XCBuildConfiguration section */

/* Begin XCConfigurationList section */
		6EC194CC1DDDA074002100A3 /* Build configuration list for PBXProject "iOS_Study" */ = {
			isa = XCConfigurationList;
			buildConfigurations = (
				6EC194FC1DDDA074002100A3 /* Debug */,
				6EC194FD1DDDA074002100A3 /* Release */,
			);
			defaultConfigurationIsVisible = 0;
			defaultConfigurationName = Release;
		};
		6EC194FE1DDDA074002100A3 /* Build configuration list for PBXNativeTarget "iOS_Study" */ = {
			isa = XCConfigurationList;
			buildConfigurations = (
				6EC194FF1DDDA074002100A3 /* Debug */,
				6EC195001DDDA074002100A3 /* Release */,
			);
			defaultConfigurationIsVisible = 0;
		};
		6EC195011DDDA074002100A3 /* Build configuration list for PBXNativeTarget "iOS_StudyTests" */ = {
			isa = XCConfigurationList;
			buildConfigurations = (
				6EC195021DDDA074002100A3 /* Debug */,
				6EC195031DDDA074002100A3 /* Release */,
			);
			defaultConfigurationIsVisible = 0;
		};
		6EC195041DDDA074002100A3 /* Build configuration list for PBXNativeTarget "iOS_StudyUITests" */ = {
			isa = XCConfigurationList;
			buildConfigurations = (
				6EC195051DDDA074002100A3 /* Debug */,
				6EC195061DDDA074002100A3 /* Release */,
			);
			defaultConfigurationIsVisible = 0;
		};
/* End XCConfigurationList section */
	};
	rootObject = 6EC194C91DDDA074002100A3 /* Project object */;
}
